Microsoft Visual Studio Solution File, Format Version 12.00
# Visual Studio Version 17
VisualStudioVersion = 17.5.2.0
MinimumVisualStudioVersion = 10.0.40219.1
Project("{FAE04EC0-301F-11D3-BF4B-00C04F79EFBC}") = "DietAdviceWebsite-MongoDb", "DietAdviceWebsite-MongoDb.csproj", "{2A852D39-BECF-9868-6996-87787D0C8CDA}"
EndProject
Global
	GlobalSection(SolutionConfigurationPlatforms) = preSolution
		Debug|Any CPU = Debug|Any CPU
		Release|Any CPU = Release|Any CPU
	EndGlobalSection
	GlobalSection(ProjectConfigurationPlatforms) = postSolution
		{2A852D39-BECF-9868-6996-87787D0C8CDA}.Debug|Any CPU.ActiveCfg = Debug|Any CPU
		{2A852D39-BECF-9868-6996-87787D0C8CDA}.Debug|Any CPU.Build.0 = Debug|Any CPU
		{2A852D39-BECF-9868-6996-87787D0C8CDA}.Release|Any CPU.ActiveCfg = Release|Any CPU
		{2A852D39-BECF-9868-6996-87787D0C8CDA}.Release|Any CPU.Build.0 = Release|Any CPU
	EndGlobalSection
	GlobalSection(SolutionProperties) = preSolution
		HideSolutionNode = FALSE
	EndGlobalSection
	GlobalSection(ExtensibilityGlobals) = postSolution
		SolutionGuid = {0550F7BD-95B0-4B5F-9250-AE334A2E51EB}
	EndGlobalSection
EndGlobal
